
Microsoft Visual Studio Solution File, Format Version 12.00
# Visual Studio 15
VisualStudioVersion = 15.0.28307.572
MinimumVisualStudioVersion = 10.0.40219.1
Project("{888888A0-9F3D-457C-B088-3A5042F75D52}") = "LearningDjangoWeb", "LearningDjangoWeb\LearningDjangoWeb.pyproj", "{A9778236-1D87-4F9E-A25D-C3A8D277BA1A}"
EndProject
Project("{888888A0-9F3D-457C-B088-3A5042F75D52}") = "DjangoWeb", "DjangoWeb\DjangoWeb.pyproj", "{94CEC981-63FF-41AC-A1AD-0057208116D1}"
EndProject
Global
	GlobalSection(SolutionConfigurationPlatforms) = preSolution
		Debug|Any CPU = Debug|Any CPU
		Release|Any CPU = Release|Any CPU
	EndGlobalSection
	GlobalSection(ProjectConfigurationPlatforms) = postSolution
		{A9778236-1D87-4F9E-A25D-C3A8D277BA1A}.Debug|Any CPU.ActiveCfg = Debug|Any CPU
		{A9778236-1D87-4F9E-A25D-C3A8D277BA1A}.Debug|Any CPU.Build.0 = Debug|Any CPU
		{A9778236-1D87-4F9E-A25D-C3A8D277BA1A}.Release|Any CPU.ActiveCfg = Release|Any CPU
		{A9778236-1D87-4F9E-A25D-C3A8D277BA1A}.Release|Any CPU.Build.0 = Release|Any CPU
		{94CEC981-63FF-41AC-A1AD-0057208116D1}.Debug|Any CPU.ActiveCfg = Debug|Any CPU
		{94CEC981-63FF-41AC-A1AD-0057208116D1}.Debug|Any CPU.Build.0 = Debug|Any CPU
		{94CEC981-63FF-41AC-A1AD-0057208116D1}.Release|Any CPU.ActiveCfg = Release|Any CPU
		{94CEC981-63FF-41AC-A1AD-0057208116D1}.Release|Any CPU.Build.0 = Release|Any CPU
	EndGlobalSection
	GlobalSection(SolutionProperties) = preSolution
		HideSolutionNode = FALSE
	EndGlobalSection
	GlobalSection(ExtensibilityGlobals) = postSolution
		SolutionGuid = {33E55E99-2665-4539-A930-B8603B170A6A}
	EndGlobalSection
EndGlobal
